
Microsoft Visual Studio Solution File, Format Version 12.00
# Visual Studio Version 17
VisualStudioVersion = 17.6.33801.468
MinimumVisualStudioVersion = 10.0.40219.1
Project("{FAE04EC0-301F-11D3-BF4B-00C04F79EFBC}") = "MovieTicketShop", "MovieTicketShop\MovieTicketShop.csproj", "{7E36D6B6-D179-43A8-8761-F02C192D1931}"
EndProject
Global
	GlobalSection(SolutionConfigurationPlatforms) = preSolution
		Debug|Any CPU = Debug|Any CPU
		Release|Any CPU = Release|Any CPU
	EndGlobalSection
	GlobalSection(ProjectConfigurationPlatforms) = postSolution
		{7E36D6B6-D179-43A8-8761-F02C192D1931}.Debug|Any CPU.ActiveCfg = Debug|Any CPU
		{7E36D6B6-D179-43A8-8761-F02C192D1931}.Debug|Any CPU.Build.0 = Debug|Any CPU
		{7E36D6B6-D179-43A8-8761-F02C192D1931}.Release|Any CPU.ActiveCfg = Release|Any CPU
		{7E36D6B6-D179-43A8-8761-F02C192D1931}.Release|Any CPU.Build.0 = Release|Any CPU
	EndGlobalSection
	GlobalSection(SolutionProperties) = preSolution
		HideSolutionNode = FALSE
	EndGlobalSection
	GlobalSection(ExtensibilityGlobals) = postSolution
		SolutionGuid = {05203966-EC8C-413F-87CE-63F861B43B51}
	EndGlobalSection
EndGlobal
